
Microsoft Visual Studio Solution File, Format Version 12.00
# Visual Studio 14
VisualStudioVersion = 14.0.25420.1
MinimumVisualStudioVersion = 10.0.40219.1
Project("{FAE04EC0-301F-11D3-BF4B-00C04F79EFBC}") = "BindData2DataGridViewCtrl", "BindData2DataGridViewCtrl\BindData2DataGridViewCtrl.csproj", "{03C37892-D5EB-40B8-90FA-E551B4CDB6FD}"
EndProject
Global
	GlobalSection(SolutionConfigurationPlatforms) = preSolution
		Debug|Any CPU = Debug|Any CPU
		Release|Any CPU = Release|Any CPU
	EndGlobalSection
	GlobalSection(ProjectConfigurationPlatforms) = postSolution
		{03C37892-D5EB-40B8-90FA-E551B4CDB6FD}.Debug|Any CPU.ActiveCfg = Debug|Any CPU
		{03C37892-D5EB-40B8-90FA-E551B4CDB6FD}.Debug|Any CPU.Build.0 = Debug|Any CPU
		{03C37892-D5EB-40B8-90FA-E551B4CDB6FD}.Release|Any CPU.ActiveCfg = Release|Any CPU
		{03C37892-D5EB-40B8-90FA-E551B4CDB6FD}.Release|Any CPU.Build.0 = Release|Any CPU
	EndGlobalSection
	GlobalSection(SolutionProperties) = preSolution
		HideSolutionNode = FALSE
	EndGlobalSection
EndGlobal
